
Microsoft Visual Studio Solution File, Format Version 12.00
# Visual Studio Version 17
VisualStudioVersion = 17.5.002.0
MinimumVisualStudioVersion = 10.0.40219.1
Project("{9A19103F-16F7-4668-BE54-9A1E7A4F7556}") = "backend", "backend\backend.csproj", "{B0464604-1D43-4AF3-9D2F-0B41F698EFCE}"
EndProject
Global
	GlobalSection(SolutionConfigurationPlatforms) = preSolution
		Debug|Any CPU = Debug|Any CPU
		Release|Any CPU = Release|Any CPU
	EndGlobalSection
	GlobalSection(ProjectConfigurationPlatforms) = postSolution
		{B0464604-1D43-4AF3-9D2F-0B41F698EFCE}.Debug|Any CPU.ActiveCfg = Debug|Any CPU
		{B0464604-1D43-4AF3-9D2F-0B41F698EFCE}.Debug|Any CPU.Build.0 = Debug|Any CPU
		{B0464604-1D43-4AF3-9D2F-0B41F698EFCE}.Release|Any CPU.ActiveCfg = Release|Any CPU
		{B0464604-1D43-4AF3-9D2F-0B41F698EFCE}.Release|Any CPU.Build.0 = Release|Any CPU
	EndGlobalSection
	GlobalSection(SolutionProperties) = preSolution
		HideSolutionNode = FALSE
	EndGlobalSection
	GlobalSection(ExtensibilityGlobals) = postSolution
		SolutionGuid = {B5FB2A27-4A38-451D-BCE1-CB33F0184511}
	EndGlobalSection
EndGlobal
